
Microsoft Visual Studio Solution File, Format Version 12.00
# Visual Studio Version 16
VisualStudioVersion = 16.0.30204.135
MinimumVisualStudioVersion = 10.0.40219.1
Project("{FAE04EC0-301F-11D3-BF4B-00C04F79EFBC}") = "GitHubExample", "GitHubExample.csproj", "{853EFF6D-7540-451B-89CF-3C6191D2594D}"
EndProject
Global
	GlobalSection(SolutionConfigurationPlatforms) = preSolution
		Debug|Any CPU = Debug|Any CPU
		Release|Any CPU = Release|Any CPU
	EndGlobalSection
	GlobalSection(ProjectConfigurationPlatforms) = postSolution
		{853EFF6D-7540-451B-89CF-3C6191D2594D}.Debug|Any CPU.ActiveCfg = Debug|Any CPU
		{853EFF6D-7540-451B-89CF-3C6191D2594D}.Debug|Any CPU.Build.0 = Debug|Any CPU
		{853EFF6D-7540-451B-89CF-3C6191D2594D}.Release|Any CPU.ActiveCfg = Release|Any CPU
		{853EFF6D-7540-451B-89CF-3C6191D2594D}.Release|Any CPU.Build.0 = Release|Any CPU
	EndGlobalSection
	GlobalSection(SolutionProperties) = preSolution
		HideSolutionNode = FALSE
	EndGlobalSection
	GlobalSection(ExtensibilityGlobals) = postSolution
		SolutionGuid = {3BF76845-74F4-43D7-AE7D-859F3F3579BD}
	EndGlobalSection
EndGlobal
